
Microsoft Visual Studio Solution File, Format Version 12.00
# Visual Studio Version 17
VisualStudioVersion = 17.1.32210.238
MinimumVisualStudioVersion = 10.0.40219.1
Project("{9A19103F-16F7-4668-BE54-9A1E7A4F7556}") = "1-2Message", "1-2Message\1-2Message.csproj", "{42F07D6C-CFBA-4C7C-9D59-2F805025902B}"
EndProject
Project("{9A19103F-16F7-4668-BE54-9A1E7A4F7556}") = "1-1Average", "1-1Average\1-1Average.csproj", "{8F987825-4E3F-49EE-983D-770A4D6B7871}"
EndProject
Project("{9A19103F-16F7-4668-BE54-9A1E7A4F7556}") = "2-1NUitSetup", "2-1NUitSetup\2-1NUitSetup.csproj", "{62038274-5799-4FEF-9CED-C920146A9AD1}"
EndProject
Project("{9A19103F-16F7-4668-BE54-9A1E7A4F7556}") = "2-1TestQueue", "2-1TestQueue\2-1TestQueue.csproj", "{89BEAED1-923C-4759-A1BE-D8B818C77E4C}"
EndProject
Project("{9A19103F-16F7-4668-BE54-9A1E7A4F7556}") = "2-1DemoWriteline", "2-1DemoWriteline\2-1DemoWriteline.csproj", "{1DFF3598-BC33-48FD-8E49-9AF9643E68B6}"
EndProject
Project("{9A19103F-16F7-4668-BE54-9A1E7A4F7556}") = "2-2CounterTask", "2-2Counter\2-2CounterTask.csproj", "{DC24CEF3-6C94-476E-9EF2-9796FE4EA224}"
EndProject
Project("{9A19103F-16F7-4668-BE54-9A1E7A4F7556}") = "2-3SplashkitBasicShape", "2-3SplashkitBasicShape\2-3SplashkitBasicShape.csproj", "{71727BBE-913A-4324-AF1B-07A90C53B9A1}"
EndProject
Project("{9A19103F-16F7-4668-BE54-9A1E7A4F7556}") = "SwinAdventureCaseStudy", "SwinAdventureCaseStudy\SwinAdventureCaseStudy.csproj", "{5CCF4A01-4042-4C10-A3E0-4DFBA4748B78}"
EndProject
Project("{9A19103F-16F7-4668-BE54-9A1E7A4F7556}") = "SwinAdventureUnitTests", "SwinAdventureUnitTests\SwinAdventureUnitTests.csproj", "{CCA5F259-C90D-46A3-A05C-9CBE4861DC4D}"
EndProject
Project("{9A19103F-16F7-4668-BE54-9A1E7A4F7556}") = "3-1-Clock", "3-1-Clock\3-1-Clock.csproj", "{281E6041-3E33-4475-9DD1-1D7622AA78FF}"
EndProject
Project("{9A19103F-16F7-4668-BE54-9A1E7A4F7556}") = "3-1ClockUnitTests", "3-1ClockUnitTests\3-1ClockUnitTests.csproj", "{D1C2F2F6-0CCB-4A34-A87A-37E8C15BDE65}"
EndProject
Project("{9A19103F-16F7-4668-BE54-9A1E7A4F7556}") = "3-3DrawingClass", "3-3DrawingClass\3-3DrawingClass.csproj", "{B3DF0EF3-A13D-4890-A3BE-02FDB7B28F80}"
EndProject
Project("{9A19103F-16F7-4668-BE54-9A1E7A4F7556}") = "CustomProject", "CustomProject\CustomProject.csproj", "{99A9ABAD-9721-4E16-A863-1A6756C074FC}"
EndProject
Project("{9A19103F-16F7-4668-BE54-9A1E7A4F7556}") = "4-1DrawProgramMultipleShapes", "4-1DrawProgramMultipleShapes\4-1DrawProgramMultipleShapes.csproj", "{1B8E9CAA-8B36-423E-ABFF-4C56F99FA147}"
EndProject
Project("{9A19103F-16F7-4668-BE54-9A1E7A4F7556}") = "5-3DrawingProgram", "5-3DrawingProgram\5-3DrawingProgram.csproj", "{B4C6F6B6-113B-4CA6-9332-0B9D7FC298E9}"
EndProject
Global
	GlobalSection(SolutionConfigurationPlatforms) = preSolution
		Debug|Any CPU = Debug|Any CPU
		Release|Any CPU = Release|Any CPU
	EndGlobalSection
	GlobalSection(ProjectConfigurationPlatforms) = postSolution
		{42F07D6C-CFBA-4C7C-9D59-2F805025902B}.Debug|Any CPU.ActiveCfg = Debug|Any CPU
		{42F07D6C-CFBA-4C7C-9D59-2F805025902B}.Debug|Any CPU.Build.0 = Debug|Any CPU
		{42F07D6C-CFBA-4C7C-9D59-2F805025902B}.Release|Any CPU.ActiveCfg = Release|Any CPU
		{42F07D6C-CFBA-4C7C-9D59-2F805025902B}.Release|Any CPU.Build.0 = Release|Any CPU
		{8F987825-4E3F-49EE-983D-770A4D6B7871}.Debug|Any CPU.ActiveCfg = Debug|Any CPU
		{8F987825-4E3F-49EE-983D-770A4D6B7871}.Debug|Any CPU.Build.0 = Debug|Any CPU
		{8F987825-4E3F-49EE-983D-770A4D6B7871}.Release|Any CPU.ActiveCfg = Release|Any CPU
		{8F987825-4E3F-49EE-983D-770A4D6B7871}.Release|Any CPU.Build.0 = Release|Any CPU
		{62038274-5799-4FEF-9CED-C920146A9AD1}.Debug|Any CPU.ActiveCfg = Debug|Any CPU
		{62038274-5799-4FEF-9CED-C920146A9AD1}.Debug|Any CPU.Build.0 = Debug|Any CPU
		{62038274-5799-4FEF-9CED-C920146A9AD1}.Release|Any CPU.ActiveCfg = Release|Any CPU
		{62038274-5799-4FEF-9CED-C920146A9AD1}.Release|Any CPU.Build.0 = Release|Any CPU
		{89BEAED1-923C-4759-A1BE-D8B818C77E4C}.Debug|Any CPU.ActiveCfg = Debug|Any CPU
		{89BEAED1-923C-4759-A1BE-D8B818C77E4C}.Debug|Any CPU.Build.0 = Debug|Any CPU
		{89BEAED1-923C-4759-A1BE-D8B818C77E4C}.Release|Any CPU.ActiveCfg = Release|Any CPU
		{89BEAED1-923C-4759-A1BE-D8B818C77E4C}.Release|Any CPU.Build.0 = Release|Any CPU
		{1DFF3598-BC33-48FD-8E49-9AF9643E68B6}.Debug|Any CPU.ActiveCfg = Debug|Any CPU
		{1DFF3598-BC33-48FD-8E49-9AF9643E68B6}.Debug|Any CPU.Build.0 = Debug|Any CPU
		{1DFF3598-BC33-48FD-8E49-9AF9643E68B6}.Release|Any CPU.ActiveCfg = Release|Any CPU
		{1DFF3598-BC33-48FD-8E49-9AF9643E68B6}.Release|Any CPU.Build.0 = Release|Any CPU
		{DC24CEF3-6C94-476E-9EF2-9796FE4EA224}.Debug|Any CPU.ActiveCfg = Debug|Any CPU
		{DC24CEF3-6C94-476E-9EF2-9796FE4EA224}.Debug|Any CPU.Build.0 = Debug|Any CPU
		{DC24CEF3-6C94-476E-9EF2-9796FE4EA224}.Release|Any CPU.ActiveCfg = Release|Any CPU
		{DC24CEF3-6C94-476E-9EF2-9796FE4EA224}.Release|Any CPU.Build.0 = Release|Any CPU
		{71727BBE-913A-4324-AF1B-07A90C53B9A1}.Debug|Any CPU.ActiveCfg = Debug|Any CPU
		{71727BBE-913A-4324-AF1B-07A90C53B9A1}.Debug|Any CPU.Build.0 = Debug|Any CPU
		{71727BBE-913A-4324-AF1B-07A90C53B9A1}.Release|Any CPU.ActiveCfg = Release|Any CPU
		{71727BBE-913A-4324-AF1B-07A90C53B9A1}.Release|Any CPU.Build.0 = Release|Any CPU
		{5CCF4A01-4042-4C10-A3E0-4DFBA4748B78}.Debug|Any CPU.ActiveCfg = Debug|Any CPU
		{5CCF4A01-4042-4C10-A3E0-4DFBA4748B78}.Debug|Any CPU.Build.0 = Debug|Any CPU
		{5CCF4A01-4042-4C10-A3E0-4DFBA4748B78}.Release|Any CPU.ActiveCfg = Release|Any CPU
		{5CCF4A01-4042-4C10-A3E0-4DFBA4748B78}.Release|Any CPU.Build.0 = Release|Any CPU
		{CCA5F259-C90D-46A3-A05C-9CBE4861DC4D}.Debug|Any CPU.ActiveCfg = Debug|Any CPU
		{CCA5F259-C90D-46A3-A05C-9CBE4861DC4D}.Debug|Any CPU.Build.0 = Debug|Any CPU
		{CCA5F259-C90D-46A3-A05C-9CBE4861DC4D}.Release|Any CPU.ActiveCfg = Release|Any CPU
		{CCA5F259-C90D-46A3-A05C-9CBE4861DC4D}.Release|Any CPU.Build.0 = Release|Any CPU
		{281E6041-3E33-4475-9DD1-1D7622AA78FF}.Debug|Any CPU.ActiveCfg = Debug|Any CPU
		{281E6041-3E33-4475-9DD1-1D7622AA78FF}.Debug|Any CPU.Build.0 = Debug|Any CPU
		{281E6041-3E33-4475-9DD1-1D7622AA78FF}.Release|Any CPU.ActiveCfg = Release|Any CPU
		{281E6041-3E33-4475-9DD1-1D7622AA78FF}.Release|Any CPU.Build.0 = Release|Any CPU
		{D1C2F2F6-0CCB-4A34-A87A-37E8C15BDE65}.Debug|Any CPU.ActiveCfg = Debug|Any CPU
		{D1C2F2F6-0CCB-4A34-A87A-37E8C15BDE65}.Debug|Any CPU.Build.0 = Debug|Any CPU
		{D1C2F2F6-0CCB-4A34-A87A-37E8C15BDE65}.Release|Any CPU.ActiveCfg = Release|Any CPU
		{D1C2F2F6-0CCB-4A34-A87A-37E8C15BDE65}.Release|Any CPU.Build.0 = Release|Any CPU
		{B3DF0EF3-A13D-4890-A3BE-02FDB7B28F80}.Debug|Any CPU.ActiveCfg = Debug|Any CPU
		{B3DF0EF3-A13D-4890-A3BE-02FDB7B28F80}.Debug|Any CPU.Build.0 = Debug|Any CPU
		{B3DF0EF3-A13D-4890-A3BE-02FDB7B28F80}.Release|Any CPU.ActiveCfg = Release|Any CPU
		{B3DF0EF3-A13D-4890-A3BE-02FDB7B28F80}.Release|Any CPU.Build.0 = Release|Any CPU
		{99A9ABAD-9721-4E16-A863-1A6756C074FC}.Debug|Any CPU.ActiveCfg = Debug|Any CPU
		{99A9ABAD-9721-4E16-A863-1A6756C074FC}.Debug|Any CPU.Build.0 = Debug|Any CPU
		{99A9ABAD-9721-4E16-A863-1A6756C074FC}.Release|Any CPU.ActiveCfg = Release|Any CPU
		{99A9ABAD-9721-4E16-A863-1A6756C074FC}.Release|Any CPU.Build.0 = Release|Any CPU
		{1B8E9CAA-8B36-423E-ABFF-4C56F99FA147}.Debug|Any CPU.ActiveCfg = Debug|Any CPU
		{1B8E9CAA-8B36-423E-ABFF-4C56F99FA147}.Debug|Any CPU.Build.0 = Debug|Any CPU
		{1B8E9CAA-8B36-423E-ABFF-4C56F99FA147}.Release|Any CPU.ActiveCfg = Release|Any CPU
		{1B8E9CAA-8B36-423E-ABFF-4C56F99FA147}.Release|Any CPU.Build.0 = Release|Any CPU
		{B4C6F6B6-113B-4CA6-9332-0B9D7FC298E9}.Debug|Any CPU.ActiveCfg = Debug|Any CPU
		{B4C6F6B6-113B-4CA6-9332-0B9D7FC298E9}.Debug|Any CPU.Build.0 = Debug|Any CPU
		{B4C6F6B6-113B-4CA6-9332-0B9D7FC298E9}.Release|Any CPU.ActiveCfg = Release|Any CPU
		{B4C6F6B6-113B-4CA6-9332-0B9D7FC298E9}.Release|Any CPU.Build.0 = Release|Any CPU
	EndGlobalSection
	GlobalSection(SolutionProperties) = preSolution
		HideSolutionNode = FALSE
	EndGlobalSection
	GlobalSection(ExtensibilityGlobals) = postSolution
		SolutionGuid = {0EB7065A-2B3E-48A5-A505-65C5AA77AF71}
	EndGlobalSection
EndGlobal
